
Microsoft Visual Studio Solution File, Format Version 12.00
# Visual Studio Version 17
VisualStudioVersion = 17.4.33403.182
MinimumVisualStudioVersion = 10.0.40219.1
Project("{FAE04EC0-301F-11D3-BF4B-00C04F79EFBC}") = "calculator_salariu", "calculator_salariu.csproj", "{98653573-4CA7-4E92-B84F-EEF8B0CF0B34}"
EndProject
Global
	GlobalSection(SolutionConfigurationPlatforms) = preSolution
		Debug|Any CPU = Debug|Any CPU
		Release|Any CPU = Release|Any CPU
	EndGlobalSection
	GlobalSection(ProjectConfigurationPlatforms) = postSolution
		{98653573-4CA7-4E92-B84F-EEF8B0CF0B34}.Debug|Any CPU.ActiveCfg = Debug|Any CPU
		{98653573-4CA7-4E92-B84F-EEF8B0CF0B34}.Debug|Any CPU.Build.0 = Debug|Any CPU
		{98653573-4CA7-4E92-B84F-EEF8B0CF0B34}.Release|Any CPU.ActiveCfg = Release|Any CPU
		{98653573-4CA7-4E92-B84F-EEF8B0CF0B34}.Release|Any CPU.Build.0 = Release|Any CPU
	EndGlobalSection
	GlobalSection(SolutionProperties) = preSolution
		HideSolutionNode = FALSE
	EndGlobalSection
	GlobalSection(ExtensibilityGlobals) = postSolution
		SolutionGuid = {F71C4B68-6082-45FA-A14D-F962372905D6}
	EndGlobalSection
EndGlobal
