
Microsoft Visual Studio Solution File, Format Version 12.00
# Visual Studio Version 17
VisualStudioVersion = 17.4.33403.182
MinimumVisualStudioVersion = 10.0.40219.1
Project("{FAE04EC0-301F-11D3-BF4B-00C04F79EFBC}") = "ex_6", "ex_6.csproj", "{3FDF6ED3-1B6A-47C6-A1D2-9576DFDC225E}"
EndProject
Global
	GlobalSection(SolutionConfigurationPlatforms) = preSolution
		Debug|Any CPU = Debug|Any CPU
		Release|Any CPU = Release|Any CPU
	EndGlobalSection
	GlobalSection(ProjectConfigurationPlatforms) = postSolution
		{3FDF6ED3-1B6A-47C6-A1D2-9576DFDC225E}.Debug|Any CPU.ActiveCfg = Debug|Any CPU
		{3FDF6ED3-1B6A-47C6-A1D2-9576DFDC225E}.Debug|Any CPU.Build.0 = Debug|Any CPU
		{3FDF6ED3-1B6A-47C6-A1D2-9576DFDC225E}.Release|Any CPU.ActiveCfg = Release|Any CPU
		{3FDF6ED3-1B6A-47C6-A1D2-9576DFDC225E}.Release|Any CPU.Build.0 = Release|Any CPU
	EndGlobalSection
	GlobalSection(SolutionProperties) = preSolution
		HideSolutionNode = FALSE
	EndGlobalSection
	GlobalSection(ExtensibilityGlobals) = postSolution
		SolutionGuid = {4951E276-5DDB-4B68-B1BC-E86C7794D512}
	EndGlobalSection
EndGlobal
