
Microsoft Visual Studio Solution File, Format Version 12.00
# Visual Studio Version 17
VisualStudioVersion = 17.7.34031.279
MinimumVisualStudioVersion = 10.0.40219.1
Project("{FAE04EC0-301F-11D3-BF4B-00C04F79EFBC}") = "test_sapt_3", "test_sapt_3.csproj", "{15712FE2-6225-4426-8BCF-D9485B3DAE8D}"
EndProject
Global
	GlobalSection(SolutionConfigurationPlatforms) = preSolution
		Debug|Any CPU = Debug|Any CPU
		Release|Any CPU = Release|Any CPU
	EndGlobalSection
	GlobalSection(ProjectConfigurationPlatforms) = postSolution
		{15712FE2-6225-4426-8BCF-D9485B3DAE8D}.Debug|Any CPU.ActiveCfg = Debug|Any CPU
		{15712FE2-6225-4426-8BCF-D9485B3DAE8D}.Debug|Any CPU.Build.0 = Debug|Any CPU
		{15712FE2-6225-4426-8BCF-D9485B3DAE8D}.Release|Any CPU.ActiveCfg = Release|Any CPU
		{15712FE2-6225-4426-8BCF-D9485B3DAE8D}.Release|Any CPU.Build.0 = Release|Any CPU
	EndGlobalSection
	GlobalSection(SolutionProperties) = preSolution
		HideSolutionNode = FALSE
	EndGlobalSection
	GlobalSection(ExtensibilityGlobals) = postSolution
		SolutionGuid = {E8AD4C22-A003-4F72-A3BE-8B9CDC3CBDEA}
	EndGlobalSection
EndGlobal
