
Microsoft Visual Studio Solution File, Format Version 12.00
# Visual Studio Version 17
VisualStudioVersion = 17.4.33403.182
MinimumVisualStudioVersion = 10.0.40219.1
Project("{FAE04EC0-301F-11D3-BF4B-00C04F79EFBC}") = "ex_3", "ex_3.csproj", "{AA3FAD45-E0D8-4334-9805-C5D5FA6BDBA0}"
EndProject
Global
	GlobalSection(SolutionConfigurationPlatforms) = preSolution
		Debug|Any CPU = Debug|Any CPU
		Release|Any CPU = Release|Any CPU
	EndGlobalSection
	GlobalSection(ProjectConfigurationPlatforms) = postSolution
		{AA3FAD45-E0D8-4334-9805-C5D5FA6BDBA0}.Debug|Any CPU.ActiveCfg = Debug|Any CPU
		{AA3FAD45-E0D8-4334-9805-C5D5FA6BDBA0}.Debug|Any CPU.Build.0 = Debug|Any CPU
		{AA3FAD45-E0D8-4334-9805-C5D5FA6BDBA0}.Release|Any CPU.ActiveCfg = Release|Any CPU
		{AA3FAD45-E0D8-4334-9805-C5D5FA6BDBA0}.Release|Any CPU.Build.0 = Release|Any CPU
	EndGlobalSection
	GlobalSection(SolutionProperties) = preSolution
		HideSolutionNode = FALSE
	EndGlobalSection
	GlobalSection(ExtensibilityGlobals) = postSolution
		SolutionGuid = {7579D0E5-FABD-40A0-87A4-EAFA241E244E}
	EndGlobalSection
EndGlobal
